
Microsoft Visual Studio Solution File, Format Version 12.00
# Visual Studio Version 17
VisualStudioVersion = 17.13.35825.156 d17.13
MinimumVisualStudioVersion = 10.0.40219.1
Project("{FAE04EC0-301F-11D3-BF4B-00C04F79EFBC}") = "ExpertCs.Utils", "ExpertCs.Utils\ExpertCs.Utils.csproj", "{B6B74500-FEF1-6C31-6FAA-C6DFED86C1D1}"
EndProject
Project("{FAE04EC0-301F-11D3-BF4B-00C04F79EFBC}") = "ExpertCs.Utils.Test", "ExpertCs.Utils.Test\ExpertCs.Utils.Test.csproj", "{C812CF6E-EA48-4895-A208-A23097087666}"
EndProject
Global
	GlobalSection(SolutionConfigurationPlatforms) = preSolution
		Debug|Any CPU = Debug|Any CPU
		Release|Any CPU = Release|Any CPU
	EndGlobalSection
	GlobalSection(ProjectConfigurationPlatforms) = postSolution
		{B6B74500-FEF1-6C31-6FAA-C6DFED86C1D1}.Debug|Any CPU.ActiveCfg = Debug|Any CPU
		{B6B74500-FEF1-6C31-6FAA-C6DFED86C1D1}.Debug|Any CPU.Build.0 = Debug|Any CPU
		{B6B74500-FEF1-6C31-6FAA-C6DFED86C1D1}.Release|Any CPU.ActiveCfg = Release|Any CPU
		{B6B74500-FEF1-6C31-6FAA-C6DFED86C1D1}.Release|Any CPU.Build.0 = Release|Any CPU
		{C812CF6E-EA48-4895-A208-A23097087666}.Debug|Any CPU.ActiveCfg = Debug|Any CPU
		{C812CF6E-EA48-4895-A208-A23097087666}.Debug|Any CPU.Build.0 = Debug|Any CPU
		{C812CF6E-EA48-4895-A208-A23097087666}.Release|Any CPU.ActiveCfg = Release|Any CPU
		{C812CF6E-EA48-4895-A208-A23097087666}.Release|Any CPU.Build.0 = Release|Any CPU
	EndGlobalSection
	GlobalSection(SolutionProperties) = preSolution
		HideSolutionNode = FALSE
	EndGlobalSection
	GlobalSection(ExtensibilityGlobals) = postSolution
		SolutionGuid = {915A3B43-8A44-42EB-A1DE-F54CEEE13DFF}
	EndGlobalSection
EndGlobal
